// !$*UTF8*$!
{
	archiveVersion = 1;
	classes = {
	};
	objectVersion = 46;
	objects = {

/* Begin PBXBuildFile section */
		551B876618599AF60074DFBD /* FragPosition.vs in Resources */ = {isa = PBXBuildFile; fileRef = 55299B281859728700546541 /* FragPosition.vs */; };
		55299AEC1859658900546541 /* Cocoa.framework in Frameworks */ = {isa = PBXBuildFile; fileRef = 55299AEB1859658900546541 /* Cocoa.framework */; };
		55299AF81859658900546541 /* main.m in Sources */ = {isa = PBXBuildFile; fileRef = 55299AF71859658900546541 /* main.m */; };
		55299AFF1859658900546541 /* DBAppDelegate.m in Sources */ = {isa = PBXBuildFile; fileRef = 55299AFE1859658900546541 /* DBAppDelegate.m */; };
		55299B041859658900546541 /* Images.xcassets in Resources */ = {isa = PBXBuildFile; fileRef = 55299B031859658900546541 /* Images.xcassets */; };
		55299B20185968C100546541 /* OpenGL.framework in Frameworks */ = {isa = PBXBuildFile; fileRef = 55299B1F185968C100546541 /* OpenGL.framework */; };
		55299B2B185972A700546541 /* FragPosition.fs in Resources */ = {isa = PBXBuildFile; fileRef = 55299B271859728700546541 /* FragPosition.fs */; };
		55299B2F185972CF00546541 /* DBOpenGLView.m in Sources */ = {isa = PBXBuildFile; fileRef = 55299B2E185972CF00546541 /* DBOpenGLView.m */; };
		556F3209185A1AAA00DF4CA7 /* InfoPlist.strings in Resources */ = {isa = PBXBuildFile; fileRef = 556F3207185A1AAA00DF4CA7 /* InfoPlist.strings */; };
		556F320C185A1AC100DF4CA7 /* Credits.rtf in Resources */ = {isa = PBXBuildFile; fileRef = 556F320A185A1AC100DF4CA7 /* Credits.rtf */; };
		556F320F185A1AD500DF4CA7 /* TutorialApp.xib in Resources */ = {isa = PBXBuildFile; fileRef = 556F320D185A1AD500DF4CA7 /* TutorialApp.xib */; };
		55E72AAA185D710700D9046B /* VertexPosition.fs in Resources */ = {isa = PBXBuildFile; fileRef = 55E72AA6185D6FAA00D9046B /* VertexPosition.fs */; };
		55E72AAB185D710B00D9046B /* VertexPosition.vs in Resources */ = {isa = PBXBuildFile; fileRef = 55E72AA8185D6FB300D9046B /* VertexPosition.vs */; };
/* End PBXBuildFile section */

/* Begin PBXFileReference section */
		55299AE81859658900546541 /* Tutorial2.app */ = {isa = PBXFileReference; explicitFileType = wrapper.application; includeInIndex = 0; path = Tutorial2.app; sourceTree = BUILT_PRODUCTS_DIR; };
		55299AEB1859658900546541 /* Cocoa.framework */ = {isa = PBXFileReference; lastKnownFileType = wrapper.framework; name = Cocoa.framework; path = System/Library/Frameworks/Cocoa.framework; sourceTree = SDKROOT; };
		55299AEE1859658900546541 /* AppKit.framework */ = {isa = PBXFileReference; lastKnownFileType = wrapper.framework; name = AppKit.framework; path = System/Library/Frameworks/AppKit.framework; sourceTree = SDKROOT; };
		55299AEF1859658900546541 /* CoreData.framework */ = {isa = PBXFileReference; lastKnownFileType = wrapper.framework; name = CoreData.framework; path = System/Library/Frameworks/CoreData.framework; sourceTree = SDKROOT; };
		55299AF01859658900546541 /* Foundation.framework */ = {isa = PBXFileReference; lastKnownFileType = wrapper.framework; name = Foundation.framework; path = System/Library/Frameworks/Foundation.framework; sourceTree = SDKROOT; };
		55299AF31859658900546541 /* Tutorial2-Info.plist */ = {isa = PBXFileReference; lastKnownFileType = text.plist.xml; name = "Tutorial2-Info.plist"; path = "Tutorial/Tutorial2-Info.plist"; sourceTree = SOURCE_ROOT; };
		55299AF71859658900546541 /* main.m */ = {isa = PBXFileReference; lastKnownFileType = sourcecode.c.objc; name = main.m; path = Tutorial/main.m; sourceTree = SOURCE_ROOT; };
		55299AF91859658900546541 /* Tutorial2-Prefix.pch */ = {isa = PBXFileReference; lastKnownFileType = sourcecode.c.h; name = "Tutorial2-Prefix.pch"; path = "Tutorial/Tutorial2-Prefix.pch"; sourceTree = SOURCE_ROOT; };
		55299AFD1859658900546541 /* DBAppDelegate.h */ = {isa = PBXFileReference; lastKnownFileType = sourcecode.c.h; name = DBAppDelegate.h; path = Tutorial/DBAppDelegate.h; sourceTree = SOURCE_ROOT; };
		55299AFE1859658900546541 /* DBAppDelegate.m */ = {isa = PBXFileReference; lastKnownFileType = sourcecode.c.objc; name = DBAppDelegate.m; path = Tutorial/DBAppDelegate.m; sourceTree = SOURCE_ROOT; };
		55299B031859658900546541 /* Images.xcassets */ = {isa = PBXFileReference; lastKnownFileType = folder.assetcatalog; name = Images.xcassets; path = Tutorial/Images.xcassets; sourceTree = SOURCE_ROOT; };
		55299B1F185968C100546541 /* OpenGL.framework */ = {isa = PBXFileReference; lastKnownFileType = wrapper.framework; name = OpenGL.framework; path = System/Library/Frameworks/OpenGL.framework; sourceTree = SDKROOT; };
		55299B271859728700546541 /* FragPosition.fs */ = {isa = PBXFileReference; explicitFileType = text; fileEncoding = 4; name = FragPosition.fs; path = Tutorial/FragPosition.fs; sourceTree = SOURCE_ROOT; };
		55299B281859728700546541 /* FragPosition.vs */ = {isa = PBXFileReference; explicitFileType = text; fileEncoding = 4; name = FragPosition.vs; path = Tutorial/FragPosition.vs; sourceTree = SOURCE_ROOT; };
		55299B2D185972CF00546541 /* DBOpenGLView.h */ = {isa = PBXFileReference; fileEncoding = 4; lastKnownFileType = sourcecode.c.h; name = DBOpenGLView.h; path = Tutorial/DBOpenGLView.h; sourceTree = SOURCE_ROOT; };
		55299B2E185972CF00546541 /* DBOpenGLView.m */ = {isa = PBXFileReference; fileEncoding = 4; lastKnownFileType = sourcecode.c.objc; name = DBOpenGLView.m; path = Tutorial/DBOpenGLView.m; sourceTree = SOURCE_ROOT; };
		556F3208185A1AAA00DF4CA7 /* en */ = {isa = PBXFileReference; lastKnownFileType = text.plist.strings; name = en; path = Tutorial/en.lproj/InfoPlist.strings; sourceTree = SOURCE_ROOT; };
		556F320B185A1AC100DF4CA7 /* en */ = {isa = PBXFileReference; lastKnownFileType = text.rtf; name = en; path = Tutorial/en.lproj/Credits.rtf; sourceTree = SOURCE_ROOT; };
		556F320E185A1AD500DF4CA7 /* en */ = {isa = PBXFileReference; lastKnownFileType = file.xib; name = en; path = Tutorial/en.lproj/TutorialApp.xib; sourceTree = SOURCE_ROOT; };
		55E72AA6185D6FAA00D9046B /* VertexPosition.fs */ = {isa = PBXFileReference; fileEncoding = 4; lastKnownFileType = sourcecode.glsl; name = VertexPosition.fs; path = Tutorial/VertexPosition.fs; sourceTree = SOURCE_ROOT; };
		55E72AA8185D6FB300D9046B /* VertexPosition.vs */ = {isa = PBXFileReference; fileEncoding = 4; lastKnownFileType = sourcecode.glsl; name = VertexPosition.vs; path = Tutorial/VertexPosition.vs; sourceTree = SOURCE_ROOT; };
/* End PBXFileReference section */

/* Begin PBXFrameworksBuildPhase section */
		55299AE51859658900546541 /* Frameworks */ = {
			isa = PBXFrameworksBuildPhase;
			buildActionMask = 2147483647;
			files = (
				55299B20185968C100546541 /* OpenGL.framework in Frameworks */,
				55299AEC1859658900546541 /* Cocoa.framework in Frameworks */,
			);
			runOnlyForDeploymentPostprocessing = 0;
		};
/* End PBXFrameworksBuildPhase section */

/* Begin PBXGroup section */
		55299ADF1859658900546541 = {
			isa = PBXGroup;
			children = (
				55299AF11859658900546541 /* Tutorial2 */,
				55299AEA1859658900546541 /* Frameworks */,
				55299AE91859658900546541 /* Products */,
			);
			sourceTree = "<group>";
		};
		55299AE91859658900546541 /* Products */ = {
			isa = PBXGroup;
			children = (
				55299AE81859658900546541 /* Tutorial2.app */,
			);
			name = Products;
			sourceTree = "<group>";
		};
		55299AEA1859658900546541 /* Frameworks */ = {
			isa = PBXGroup;
			children = (
				55299B1F185968C100546541 /* OpenGL.framework */,
				55299AEB1859658900546541 /* Cocoa.framework */,
				55299AED1859658900546541 /* Other Frameworks */,
			);
			name = Frameworks;
			sourceTree = "<group>";
		};
		55299AED1859658900546541 /* Other Frameworks */ = {
			isa = PBXGroup;
			children = (
				55299AEE1859658900546541 /* AppKit.framework */,
				55299AEF1859658900546541 /* CoreData.framework */,
				55299AF01859658900546541 /* Foundation.framework */,
			);
			name = "Other Frameworks";
			sourceTree = "<group>";
		};
		55299AF11859658900546541 /* Tutorial2 */ = {
			isa = PBXGroup;
			children = (
				55299AFD1859658900546541 /* DBAppDelegate.h */,
				55299AFE1859658900546541 /* DBAppDelegate.m */,
				55299B2D185972CF00546541 /* DBOpenGLView.h */,
				55299B2E185972CF00546541 /* DBOpenGLView.m */,
				556F320D185A1AD500DF4CA7 /* TutorialApp.xib */,
				55299B031859658900546541 /* Images.xcassets */,
				55299B261859725600546541 /* Shaders */,
				55299AF21859658900546541 /* Supporting Files */,
			);
			path = Tutorial2;
			sourceTree = "<group>";
		};
		55299AF21859658900546541 /* Supporting Files */ = {
			isa = PBXGroup;
			children = (
				55299AF31859658900546541 /* Tutorial2-Info.plist */,
				55299AF91859658900546541 /* Tutorial2-Prefix.pch */,
				55299AF71859658900546541 /* main.m */,
				556F3207185A1AAA00DF4CA7 /* InfoPlist.strings */,
				556F320A185A1AC100DF4CA7 /* Credits.rtf */,
			);
			name = "Supporting Files";
			sourceTree = "<group>";
		};
		55299B261859725600546541 /* Shaders */ = {
			isa = PBXGroup;
			children = (
				55299B271859728700546541 /* FragPosition.fs */,
				55E72AA6185D6FAA00D9046B /* VertexPosition.fs */,
				55299B281859728700546541 /* FragPosition.vs */,
				55E72AA8185D6FB300D9046B /* VertexPosition.vs */,
			);
			name = Shaders;
			sourceTree = "<group>";
		};
/* End PBXGroup section */

/* Begin PBXNativeTarget section */
		55299AE71859658900546541 /* Tutorial2 */ = {
			isa = PBXNativeTarget;
			buildConfigurationList = 55299B191859658900546541 /* Build configuration list for PBXNativeTarget "Tutorial2" */;
			buildPhases = (
				55299AE41859658900546541 /* Sources */,
				55299AE51859658900546541 /* Frameworks */,
				55299AE61859658900546541 /* Resources */,
			);
			buildRules = (
			);
			dependencies = (
			);
			name = Tutorial2;
			productName = Tutorial2;
			productReference = 55299AE81859658900546541 /* Tutorial2.app */;
			productType = "com.apple.product-type.application";
		};
/* End PBXNativeTarget section */

/* Begin PBXProject section */
		55299AE01859658900546541 /* Project object */ = {
			isa = PBXProject;
			attributes = {
				CLASSPREFIX = DB;
				LastUpgradeCheck = 0500;
				ORGANIZATIONNAME = "David T. Brown";
			};
			buildConfigurationList = 55299AE31859658900546541 /* Build configuration list for PBXProject "Tutorial2" */;
			compatibilityVersion = "Xcode 3.2";
			developmentRegion = English;
			hasScannedForEncodings = 0;
			knownRegions = (
				en,
				Base,
			);
			mainGroup = 55299ADF1859658900546541;
			productRefGroup = 55299AE91859658900546541 /* Products */;
			projectDirPath = "";
			projectRoot = "";
			targets = (
				55299AE71859658900546541 /* Tutorial2 */,
			);
		};
/* End PBXProject section */

/* Begin PBXResourcesBuildPhase section */
		55299AE61859658900546541 /* Resources */ = {
			isa = PBXResourcesBuildPhase;
			buildActionMask = 2147483647;
			files = (
				55E72AAB185D710B00D9046B /* VertexPosition.vs in Resources */,
				55E72AAA185D710700D9046B /* VertexPosition.fs in Resources */,
				551B876618599AF60074DFBD /* FragPosition.vs in Resources */,
				556F320C185A1AC100DF4CA7 /* Credits.rtf in Resources */,
				55299B2B185972A700546541 /* FragPosition.fs in Resources */,
				556F320F185A1AD500DF4CA7 /* TutorialApp.xib in Resources */,
				55299B041859658900546541 /* Images.xcassets in Resources */,
				556F3209185A1AAA00DF4CA7 /* InfoPlist.strings in Resources */,
			);
			runOnlyForDeploymentPostprocessing = 0;
		};
/* End PBXResourcesBuildPhase section */

/* Begin PBXSourcesBuildPhase section */
		55299AE41859658900546541 /* Sources */ = {
			isa = PBXSourcesBuildPhase;
			buildActionMask = 2147483647;
			files = (
				55299AFF1859658900546541 /* DBAppDelegate.m in Sources */,
				55299AF81859658900546541 /* main.m in Sources */,
				55299B2F185972CF00546541 /* DBOpenGLView.m in Sources */,
			);
			runOnlyForDeploymentPostprocessing = 0;
		};
/* End PBXSourcesBuildPhase section */

/* Begin PBXVariantGroup section */
		556F3207185A1AAA00DF4CA7 /* InfoPlist.strings */ = {
			isa = PBXVariantGroup;
			children = (
				556F3208185A1AAA00DF4CA7 /* en */,
			);
			name = InfoPlist.strings;
			sourceTree = "<group>";
		};
		556F320A185A1AC100DF4CA7 /* Credits.rtf */ = {
			isa = PBXVariantGroup;
			children = (
				556F320B185A1AC100DF4CA7 /* en */,
			);
			name = Credits.rtf;
			sourceTree = "<group>";
		};
		556F320D185A1AD500DF4CA7 /* TutorialApp.xib */ = {
			isa = PBXVariantGroup;
			children = (
				556F320E185A1AD500DF4CA7 /* en */,
			);
			name = TutorialApp.xib;
			sourceTree = "<group>";
		};
/* End PBXVariantGroup section */

/* Begin XCBuildConfiguration section */
		55299B171859658900546541 /* Debug */ = {
			isa = XCBuildConfiguration;
			buildSettings = {
				ALWAYS_SEARCH_USER_PATHS = NO;
				CLANG_CXX_LANGUAGE_STANDARD = "gnu++0x";
				CLANG_CXX_LIBRARY = "libc++";
				CLANG_ENABLE_OBJC_ARC = YES;
				CLANG_WARN_BOOL_CONVERSION = YES;
				CLANG_WARN_CONSTANT_CONVERSION = YES;
				CLANG_WARN_DIRECT_OBJC_ISA_USAGE = YES_ERROR;
				CLANG_WARN_EMPTY_BODY = YES;
				CLANG_WARN_ENUM_CONVERSION = YES;
				CLANG_WARN_INT_CONVERSION = YES;
				CLANG_WARN_OBJC_ROOT_CLASS = YES_ERROR;
				CLANG_WARN__DUPLICATE_METHOD_MATCH = YES;
				COPY_PHASE_STRIP = NO;
				GCC_C_LANGUAGE_STANDARD = gnu99;
				GCC_DYNAMIC_NO_PIC = NO;
				GCC_ENABLE_OBJC_EXCEPTIONS = YES;
				GCC_OPTIMIZATION_LEVEL = 0;
				GCC_PREPROCESSOR_DEFINITIONS = (
					"DEBUG=1",
					"$(inherited)",
				);
				GCC_SYMBOLS_PRIVATE_EXTERN = NO;
				GCC_WARN_64_TO_32_BIT_CONVERSION = YES;
				GCC_WARN_ABOUT_RETURN_TYPE = YES_ERROR;
				GCC_WARN_UNDECLARED_SELECTOR = YES;
				GCC_WARN_UNINITIALIZED_AUTOS = YES;
				GCC_WARN_UNUSED_FUNCTION = YES;
				GCC_WARN_UNUSED_VARIABLE = YES;
				MACOSX_DEPLOYMENT_TARGET = 10.9;
				ONLY_ACTIVE_ARCH = YES;
				SDKROOT = macosx;
			};
			name = Debug;
		};
		55299B181859658900546541 /* Release */ = {
			isa = XCBuildConfiguration;
			buildSettings = {
				ALWAYS_SEARCH_USER_PATHS = NO;
				CLANG_CXX_LANGUAGE_STANDARD = "gnu++0x";
				CLANG_CXX_LIBRARY = "libc++";
				CLANG_ENABLE_OBJC_ARC = YES;
				CLANG_WARN_BOOL_CONVERSION = YES;
				CLANG_WARN_CONSTANT_CONVERSION = YES;
				CLANG_WARN_DIRECT_OBJC_ISA_USAGE = YES_ERROR;
				CLANG_WARN_EMPTY_BODY = YES;
				CLANG_WARN_ENUM_CONVERSION = YES;
				CLANG_WARN_INT_CONVERSION = YES;
				CLANG_WARN_OBJC_ROOT_CLASS = YES_ERROR;
				CLANG_WARN__DUPLICATE_METHOD_MATCH = YES;
				COPY_PHASE_STRIP = YES;
				DEBUG_INFORMATION_FORMAT = "dwarf-with-dsym";
				ENABLE_NS_ASSERTIONS = NO;
				GCC_C_LANGUAGE_STANDARD = gnu99;
				GCC_ENABLE_OBJC_EXCEPTIONS = YES;
				GCC_WARN_64_TO_32_BIT_CONVERSION = YES;
				GCC_WARN_ABOUT_RETURN_TYPE = YES_ERROR;
				GCC_WARN_UNDECLARED_SELECTOR = YES;
				GCC_WARN_UNINITIALIZED_AUTOS = YES;
				GCC_WARN_UNUSED_FUNCTION = YES;
				GCC_WARN_UNUSED_VARIABLE = YES;
				MACOSX_DEPLOYMENT_TARGET = 10.9;
				SDKROOT = macosx;
			};
			name = Release;
		};
		55299B1A1859658900546541 /* Debug */ = {
			isa = XCBuildConfiguration;
			buildSettings = {
				ASSETCATALOG_COMPILER_APPICON_NAME = AppIcon;
				COMBINE_HIDPI_IMAGES = YES;
				GCC_PRECOMPILE_PREFIX_HEADER = YES;
				GCC_PREFIX_HEADER = "Tutorial/Tutorial2-Prefix.pch";
				INFOPLIST_FILE = "$(SRCROOT)/Tutorial/Tutorial2-Info.plist";
				PRODUCT_NAME = Tutorial2;
				WRAPPER_EXTENSION = app;
			};
			name = Debug;
		};
		55299B1B1859658900546541 /* Release */ = {
			isa = XCBuildConfiguration;
			buildSettings = {
				ASSETCATALOG_COMPILER_APPICON_NAME = AppIcon;
				COMBINE_HIDPI_IMAGES = YES;
				GCC_PRECOMPILE_PREFIX_HEADER = YES;
				GCC_PREFIX_HEADER = "Tutorial/Tutorial2-Prefix.pch";
				INFOPLIST_FILE = "$(SRCROOT)/Tutorial/Tutorial2-Info.plist";
				PRODUCT_NAME = Tutorial2;
				WRAPPER_EXTENSION = app;
			};
			name = Release;
		};
/* End XCBuildConfiguration section */

/* Begin XCConfigurationList section */
		55299AE31859658900546541 /* Build configuration list for PBXProject "Tutorial2" */ = {
			isa = XCConfigurationList;
			buildConfigurations = (
				55299B171859658900546541 /* Debug */,
				55299B181859658900546541 /* Release */,
			);
			defaultConfigurationIsVisible = 0;
			defaultConfigurationName = Release;
		};
		55299B191859658900546541 /* Build configuration list for PBXNativeTarget "Tutorial2" */ = {
			isa = XCConfigurationList;
			buildConfigurations = (
				55299B1A1859658900546541 /* Debug */,
				55299B1B1859658900546541 /* Release */,
			);
			defaultConfigurationIsVisible = 0;
			defaultConfigurationName = Release;
		};
/* End XCConfigurationList section */
	};
	rootObject = 55299AE01859658900546541 /* Project object */;
}
